Microsoft Visual Studio Solution File, Format Version 12.00
# Visual Studio Version 17
VisualStudioVersion = 17.5.2.0
MinimumVisualStudioVersion = 10.0.40219.1
Project("{FAE04EC0-301F-11D3-BF4B-00C04F79EFBC}") = "CalculatorEngine.OperationsRunner", "CalculatorEngine.OperationsRunner.csproj", "{F60DF81A-4319-A1D3-F575-A48B2C5A2371}"
EndProject
Global
	GlobalSection(SolutionConfigurationPlatforms) = preSolution
		Debug|Any CPU = Debug|Any CPU
		Release|Any CPU = Release|Any CPU
	EndGlobalSection
	GlobalSection(ProjectConfigurationPlatforms) = postSolution
		{F60DF81A-4319-A1D3-F575-A48B2C5A2371}.Debug|Any CPU.ActiveCfg = Debug|Any CPU
		{F60DF81A-4319-A1D3-F575-A48B2C5A2371}.Debug|Any CPU.Build.0 = Debug|Any CPU
		{F60DF81A-4319-A1D3-F575-A48B2C5A2371}.Release|Any CPU.ActiveCfg = Release|Any CPU
		{F60DF81A-4319-A1D3-F575-A48B2C5A2371}.Release|Any CPU.Build.0 = Release|Any CPU
	EndGlobalSection
	GlobalSection(SolutionProperties) = preSolution
		HideSolutionNode = FALSE
	EndGlobalSection
	GlobalSection(ExtensibilityGlobals) = postSolution
		SolutionGuid = {6DDE659C-B98E-44A9-BF5B-0A3CA4A3A234}
	EndGlobalSection
EndGlobal
